// !$*UTF8*$!
{
	archiveVersion = 1;
	classes = {
	};
	objectVersion = 50;
	objects = {

/* Begin PBXBuildFile section */
		189CF76929F5674F00EDE6B8 /* AppDelegate.swift in Sources */ = {isa = PBXBuildFile; fileRef = 189CF76829F5674F00EDE6B8 /* AppDelegate.swift */; };
		189CF76B29F5674F00EDE6B8 /* SceneDelegate.swift in Sources */ = {isa = PBXBuildFile; fileRef = 189CF76A29F5674F00EDE6B8 /* SceneDelegate.swift */; };
		189CF76D29F5674F00EDE6B8 /* ViewController.swift in Sources */ = {isa = PBXBuildFile; fileRef = 189CF76C29F5674F00EDE6B8 /* ViewController.swift */; };
		189CF77029F5674F00EDE6B8 /* Main.storyboard in Resources */ = {isa = PBXBuildFile; fileRef = 189CF76E29F5674F00EDE6B8 /* Main.storyboard */; };
		189CF77229F5676200EDE6B8 /* Assets.xcassets in Resources */ = {isa = PBXBuildFile; fileRef = 189CF77129F5676200EDE6B8 /* Assets.xcassets */; };
		189CF77529F5676300EDE6B8 /* LaunchScreen.storyboard in Resources */ = {isa = PBXBuildFile; fileRef = 189CF77329F5676300EDE6B8 /* LaunchScreen.storyboard */; };
		189CF78029F5676300EDE6B8 /* UdderTests.swift in Sources */ = {isa = PBXBuildFile; fileRef = 189CF77F29F5676300EDE6B8 /* UdderTests.swift */; };
		189CF78B29F5676400EDE6B8 /* UdderUITests.swift in Sources */ = {isa = PBXBuildFile; fileRef = 189CF78A29F5676400EDE6B8 /* UdderUITests.swift */; };
/* End PBXBuildFile section */

/* Begin PBXContainerItemProxy section */
		189CF77C29F5676300EDE6B8 /* PBXContainerItemProxy */ = {
			isa = PBXContainerItemProxy;
			containerPortal = 189CF75D29F5674F00EDE6B8 /* Project object */;
			proxyType = 1;
			remoteGlobalIDString = 189CF76429F5674F00EDE6B8;
			remoteInfo = Udder;
		};
		189CF78729F5676300EDE6B8 /* PBXContainerItemProxy */ = {
			isa = PBXContainerItemProxy;
			containerPortal = 189CF75D29F5674F00EDE6B8 /* Project object */;
			proxyType = 1;
			remoteGlobalIDString = 189CF76429F5674F00EDE6B8;
			remoteInfo = Udder;
		};
/* End PBXContainerItemProxy section */

/* Begin PBXFileReference section */
		189CF76529F5674F00EDE6B8 /* Udder.app */ = {isa = PBXFileReference; explicitFileType = wrapper.application; includeInIndex = 0; path = Udder.app; sourceTree = BUILT_PRODUCTS_DIR; };
		189CF76829F5674F00EDE6B8 /* AppDelegate.swift */ = {isa = PBXFileReference; lastKnownFileType = sourcecode.swift; path = AppDelegate.swift; sourceTree = "<group>"; };
		189CF76A29F5674F00EDE6B8 /* SceneDelegate.swift */ = {isa = PBXFileReference; lastKnownFileType = sourcecode.swift; path = SceneDelegate.swift; sourceTree = "<group>"; };
		189CF76C29F5674F00EDE6B8 /* ViewController.swift */ = {isa = PBXFileReference; lastKnownFileType = sourcecode.swift; path = ViewController.swift; sourceTree = "<group>"; };
		189CF76F29F5674F00EDE6B8 /* Base */ = {isa = PBXFileReference; lastKnownFileType = file.storyboard; name = Base; path = Base.lproj/Main.storyboard; sourceTree = "<group>"; };
		189CF77129F5676200EDE6B8 /* Assets.xcassets */ = {isa = PBXFileReference; lastKnownFileType = folder.assetcatalog; path = Assets.xcassets; sourceTree = "<group>"; };
		189CF77429F5676300EDE6B8 /* Base */ = {isa = PBXFileReference; lastKnownFileType = file.storyboard; name = Base; path = Base.lproj/LaunchScreen.storyboard; sourceTree = "<group>"; };
		189CF77629F5676300EDE6B8 /* Info.plist */ = {isa = PBXFileReference; lastKnownFileType = text.plist.xml; path = Info.plist; sourceTree = "<group>"; };
		189CF77B29F5676300EDE6B8 /* UdderTests.xctest */ = {isa = PBXFileReference; explicitFileType = wrapper.cfbundle; includeInIndex = 0; path = UdderTests.xctest; sourceTree = BUILT_PRODUCTS_DIR; };
		189CF77F29F5676300EDE6B8 /* UdderTests.swift */ = {isa = PBXFileReference; lastKnownFileType = sourcecode.swift; path = UdderTests.swift; sourceTree = "<group>"; };
		189CF78129F5676300EDE6B8 /* Info.plist */ = {isa = PBXFileReference; lastKnownFileType = text.plist.xml; path = Info.plist; sourceTree = "<group>"; };
		189CF78629F5676300EDE6B8 /* UdderUITests.xctest */ = {isa = PBXFileReference; explicitFileType = wrapper.cfbundle; includeInIndex = 0; path = UdderUITests.xctest; sourceTree = BUILT_PRODUCTS_DIR; };
		189CF78A29F5676400EDE6B8 /* UdderUITests.swift */ = {isa = PBXFileReference; lastKnownFileType = sourcecode.swift; path = UdderUITests.swift; sourceTree = "<group>"; };
		189CF78C29F5676400EDE6B8 /* Info.plist */ = {isa = PBXFileReference; lastKnownFileType = text.plist.xml; path = Info.plist; sourceTree = "<group>"; };
/* End PBXFileReference section */

/* Begin PBXFrameworksBuildPhase section */
		189CF76229F5674F00EDE6B8 /* Frameworks */ = {
			isa = PBXFrameworksBuildPhase;
			buildActionMask = 2147483647;
			files = (
			);
			runOnlyForDeploymentPostprocessing = 0;
		};
		189CF77829F5676300EDE6B8 /* Frameworks */ = {
			isa = PBXFrameworksBuildPhase;
			buildActionMask = 2147483647;
			files = (
			);
			runOnlyForDeploymentPostprocessing = 0;
		};
		189CF78329F5676300EDE6B8 /* Frameworks */ = {
			isa = PBXFrameworksBuildPhase;
			buildActionMask = 2147483647;
			files = (
			);
			runOnlyForDeploymentPostprocessing = 0;
		};
/* End PBXFrameworksBuildPhase section */

/* Begin PBXGroup section */
		189CF75C29F5674F00EDE6B8 = {
			isa = PBXGroup;
			children = (
				189CF76729F5674F00EDE6B8 /* Udder */,
				189CF77E29F5676300EDE6B8 /* UdderTests */,
				189CF78929F5676300EDE6B8 /* UdderUITests */,
				189CF76629F5674F00EDE6B8 /* Products */,
			);
			sourceTree = "<group>";
		};
		189CF76629F5674F00EDE6B8 /* Products */ = {
			isa = PBXGroup;
			children = (
				189CF76529F5674F00EDE6B8 /* Udder.app */,
				189CF77B29F5676300EDE6B8 /* UdderTests.xctest */,
				189CF78629F5676300EDE6B8 /* UdderUITests.xctest */,
			);
			name = Products;
			sourceTree = "<group>";
		};
		189CF76729F5674F00EDE6B8 /* Udder */ = {
			isa = PBXGroup;
			children = (
				189CF76829F5674F00EDE6B8 /* AppDelegate.swift */,
				189CF76A29F5674F00EDE6B8 /* SceneDelegate.swift */,
				189CF76C29F5674F00EDE6B8 /* ViewController.swift */,
				189CF76E29F5674F00EDE6B8 /* Main.storyboard */,
				189CF77129F5676200EDE6B8 /* Assets.xcassets */,
				189CF77329F5676300EDE6B8 /* LaunchScreen.storyboard */,
				189CF77629F5676300EDE6B8 /* Info.plist */,
			);
			path = Udder;
			sourceTree = "<group>";
		};
		189CF77E29F5676300EDE6B8 /* UdderTests */ = {
			isa = PBXGroup;
			children = (
				189CF77F29F5676300EDE6B8 /* UdderTests.swift */,
				189CF78129F5676300EDE6B8 /* Info.plist */,
			);
			path = UdderTests;
			sourceTree = "<group>";
		};
		189CF78929F5676300EDE6B8 /* UdderUITests */ = {
			isa = PBXGroup;
			children = (
				189CF78A29F5676400EDE6B8 /* UdderUITests.swift */,
				189CF78C29F5676400EDE6B8 /* Info.plist */,
			);
			path = UdderUITests;
			sourceTree = "<group>";
		};
/* End PBXGroup section */

/* Begin PBXNativeTarget section */
		189CF76429F5674F00EDE6B8 /* Udder */ = {
			isa = PBXNativeTarget;
			buildConfigurationList = 189CF78F29F5676400EDE6B8 /* Build configuration list for PBXNativeTarget "Udder" */;
			buildPhases = (
				189CF76129F5674F00EDE6B8 /* Sources */,
				189CF76229F5674F00EDE6B8 /* Frameworks */,
				189CF76329F5674F00EDE6B8 /* Resources */,
			);
			buildRules = (
			);
			dependencies = (
			);
			name = Udder;
			productName = Udder;
			productReference = 189CF76529F5674F00EDE6B8 /* Udder.app */;
			productType = "com.apple.product-type.application";
		};
		189CF77A29F5676300EDE6B8 /* UdderTests */ = {
			isa = PBXNativeTarget;
			buildConfigurationList = 189CF79229F5676400EDE6B8 /* Build configuration list for PBXNativeTarget "UdderTests" */;
			buildPhases = (
				189CF77729F5676300EDE6B8 /* Sources */,
				189CF77829F5676300EDE6B8 /* Frameworks */,
				189CF77929F5676300EDE6B8 /* Resources */,
			);
			buildRules = (
			);
			dependencies = (
				189CF77D29F5676300EDE6B8 /* PBXTargetDependency */,
			);
			name = UdderTests;
			productName = UdderTests;
			productReference = 189CF77B29F5676300EDE6B8 /* UdderTests.xctest */;
			productType = "com.apple.product-type.bundle.unit-test";
		};
		189CF78529F5676300EDE6B8 /* UdderUITests */ = {
			isa = PBXNativeTarget;
			buildConfigurationList = 189CF79529F5676400EDE6B8 /* Build configuration list for PBXNativeTarget "UdderUITests" */;
			buildPhases = (
				189CF78229F5676300EDE6B8 /* Sources */,
				189CF78329F5676300EDE6B8 /* Frameworks */,
				189CF78429F5676300EDE6B8 /* Resources */,
			);
			buildRules = (
			);
			dependencies = (
				189CF78829F5676300EDE6B8 /* PBXTargetDependency */,
			);
			name = UdderUITests;
			productName = UdderUITests;
			productReference = 189CF78629F5676300EDE6B8 /* UdderUITests.xctest */;
			productType = "com.apple.product-type.bundle.ui-testing";
		};
/* End PBXNativeTarget section */

/* Begin PBXProject section */
		189CF75D29F5674F00EDE6B8 /* Project object */ = {
			isa = PBXProject;
			attributes = {
				LastSwiftUpdateCheck = 1240;
				LastUpgradeCheck = 1240;
				TargetAttributes = {
					189CF76429F5674F00EDE6B8 = {
						CreatedOnToolsVersion = 12.4;
					};
					189CF77A29F5676300EDE6B8 = {
						CreatedOnToolsVersion = 12.4;
						TestTargetID = 189CF76429F5674F00EDE6B8;
					};
					189CF78529F5676300EDE6B8 = {
						CreatedOnToolsVersion = 12.4;
						TestTargetID = 189CF76429F5674F00EDE6B8;
					};
				};
			};
			buildConfigurationList = 189CF76029F5674F00EDE6B8 /* Build configuration list for PBXProject "Udder" */;
			compatibilityVersion = "Xcode 9.3";
			developmentRegion = en;
			hasScannedForEncodings = 0;
			knownRegions = (
				en,
				Base,
			);
			mainGroup = 189CF75C29F5674F00EDE6B8;
			productRefGroup = 189CF76629F5674F00EDE6B8 /* Products */;
			projectDirPath = "";
			projectRoot = "";
			targets = (
				189CF76429F5674F00EDE6B8 /* Udder */,
				189CF77A29F5676300EDE6B8 /* UdderTests */,
				189CF78529F5676300EDE6B8 /* UdderUITests */,
			);
		};
/* End PBXProject section */

/* Begin PBXResourcesBuildPhase section */
		189CF76329F5674F00EDE6B8 /* Resources */ = {
			isa = PBXResourcesBuildPhase;
			buildActionMask = 2147483647;
			files = (
				189CF77529F5676300EDE6B8 /* LaunchScreen.storyboard in Resources */,
				189CF77229F5676200EDE6B8 /* Assets.xcassets in Resources */,
				189CF77029F5674F00EDE6B8 /* Main.storyboard in Resources */,
			);
			runOnlyForDeploymentPostprocessing = 0;
		};
		189CF77929F5676300EDE6B8 /* Resources */ = {
			isa = PBXResourcesBuildPhase;
			buildActionMask = 2147483647;
			files = (
			);
			runOnlyForDeploymentPostprocessing = 0;
		};
		189CF78429F5676300EDE6B8 /* Resources */ = {
			isa = PBXResourcesBuildPhase;
			buildActionMask = 2147483647;
			files = (
			);
			runOnlyForDeploymentPostprocessing = 0;
		};
/* End PBXResourcesBuildPhase section */

/* Begin PBXSourcesBuildPhase section */
		189CF76129F5674F00EDE6B8 /* Sources */ = {
			isa = PBXSourcesBuildPhase;
			buildActionMask = 2147483647;
			files = (
				189CF76D29F5674F00EDE6B8 /* ViewController.swift in Sources */,
				189CF76929F5674F00EDE6B8 /* AppDelegate.swift in Sources */,
				189CF76B29F5674F00EDE6B8 /* SceneDelegate.swift in Sources */,
			);
			runOnlyForDeploymentPostprocessing = 0;
		};
		189CF77729F5676300EDE6B8 /* Sources */ = {
			isa = PBXSourcesBuildPhase;
			buildActionMask = 2147483647;
			files = (
				189CF78029F5676300EDE6B8 /* UdderTests.swift in Sources */,
			);
			runOnlyForDeploymentPostprocessing = 0;
		};
		189CF78229F5676300EDE6B8 /* Sources */ = {
			isa = PBXSourcesBuildPhase;
			buildActionMask = 2147483647;
			files = (
				189CF78B29F5676400EDE6B8 /* UdderUITests.swift in Sources */,
			);
			runOnlyForDeploymentPostprocessing = 0;
		};
/* End PBXSourcesBuildPhase section */

/* Begin PBXTargetDependency section */
		189CF77D29F5676300EDE6B8 /* PBXTargetDependency */ = {
			isa = PBXTargetDependency;
			target = 189CF76429F5674F00EDE6B8 /* Udder */;
			targetProxy = 189CF77C29F5676300EDE6B8 /* PBXContainerItemProxy */;
		};
		189CF78829F5676300EDE6B8 /* PBXTargetDependency */ = {
			isa = PBXTargetDependency;
			target = 189CF76429F5674F00EDE6B8 /* Udder */;
			targetProxy = 189CF78729F5676300EDE6B8 /* PBXContainerItemProxy */;
		};
/* End PBXTargetDependency section */

/* Begin PBXVariantGroup section */
		189CF76E29F5674F00EDE6B8 /* Main.storyboard */ = {
			isa = PBXVariantGroup;
			children = (
				189CF76F29F5674F00EDE6B8 /* Base */,
			);
			name = Main.storyboard;
			sourceTree = "<group>";
		};
		189CF77329F5676300EDE6B8 /* LaunchScreen.storyboard */ = {
			isa = PBXVariantGroup;
			children = (
				189CF77429F5676300EDE6B8 /* Base */,
			);
			name = LaunchScreen.storyboard;
			sourceTree = "<group>";
		};
/* End PBXVariantGroup section */

/* Begin XCBuildConfiguration section */
		189CF78D29F5676400EDE6B8 /* Debug */ = {
			isa = XCBuildConfiguration;
			buildSettings = {
				ALWAYS_SEARCH_USER_PATHS = NO;
				CLANG_ANALYZER_NONNULL = YES;
				CLANG_ANALYZER_NUMBER_OBJECT_CONVERSION = YES_AGGRESSIVE;
				CLANG_CXX_LANGUAGE_STANDARD = "gnu++14";
				CLANG_CXX_LIBRARY = "libc++";
				CLANG_ENABLE_MODULES = YES;
				CLANG_ENABLE_OBJC_ARC = YES;
				CLANG_ENABLE_OBJC_WEAK = YES;
				CLANG_WARN_BLOCK_CAPTURE_AUTORELEASING = YES;
				CLANG_WARN_BOOL_CONVERSION = YES;
				CLANG_WARN_COMMA = YES;
				CLANG_WARN_CONSTANT_CONVERSION = YES;
				CLANG_WARN_DEPRECATED_OBJC_IMPLEMENTATIONS = YES;
				CLANG_WARN_DIRECT_OBJC_ISA_USAGE = YES_ERROR;
				CLANG_WARN_DOCUMENTATION_COMMENTS = YES;
				CLANG_WARN_EMPTY_BODY = YES;
				CLANG_WARN_ENUM_CONVERSION = YES;
				CLANG_WARN_INFINITE_RECURSION = YES;
				CLANG_WARN_INT_CONVERSION = YES;
				CLANG_WARN_NON_LITERAL_NULL_CONVERSION = YES;
				CLANG_WARN_OBJC_IMPLICIT_RETAIN_SELF = YES;
				CLANG_WARN_OBJC_LITERAL_CONVERSION = YES;
				CLANG_WARN_OBJC_ROOT_CLASS = YES_ERROR;
				CLANG_WARN_QUOTED_INCLUDE_IN_FRAMEWORK_HEADER = YES;
				CLANG_WARN_RANGE_LOOP_ANALYSIS = YES;
				CLANG_WARN_STRICT_PROTOTYPES = YES;
				CLANG_WARN_SUSPICIOUS_MOVE = YES;
				CLANG_WARN_UNGUARDED_AVAILABILITY = YES_AGGRESSIVE;
				CLANG_WARN_UNREACHABLE_CODE = YES;
				CLANG_WARN__DUPLICATE_METHOD_MATCH = YES;
				COPY_PHASE_STRIP = NO;
				DEBUG_INFORMATION_FORMAT = dwarf;
				ENABLE_STRICT_OBJC_MSGSEND = YES;
				ENABLE_TESTABILITY = YES;
				GCC_C_LANGUAGE_STANDARD = gnu11;
				GCC_DYNAMIC_NO_PIC = NO;
				GCC_NO_COMMON_BLOCKS = YES;
				GCC_OPTIMIZATION_LEVEL = 0;
				GCC_PREPROCESSOR_DEFINITIONS = (
					"DEBUG=1",
					"$(inherited)",
				);
				GCC_WARN_64_TO_32_BIT_CONVERSION = YES;
				GCC_WARN_ABOUT_RETURN_TYPE = YES_ERROR;
				GCC_WARN_UNDECLARED_SELECTOR = YES;
				GCC_WARN_UNINITIALIZED_AUTOS = YES_AGGRESSIVE;
				GCC_WARN_UNUSED_FUNCTION = YES;
				GCC_WARN_UNUSED_VARIABLE = YES;
				IPHONEOS_DEPLOYMENT_TARGET = 14.4;
				MTL_ENABLE_DEBUG_INFO = INCLUDE_SOURCE;
				MTL_FAST_MATH = YES;
				ONLY_ACTIVE_ARCH = YES;
				SDKROOT = iphoneos;
				SWIFT_ACTIVE_COMPILATION_CONDITIONS = DEBUG;
				SWIFT_OPTIMIZATION_LEVEL = "-Onone";
			};
			name = Debug;
		};
		189CF78E29F5676400EDE6B8 /* Release */ = {
			isa = XCBuildConfiguration;
			buildSettings = {
				ALWAYS_SEARCH_USER_PATHS = NO;
				CLANG_ANALYZER_NONNULL = YES;
				CLANG_ANALYZER_NUMBER_OBJECT_CONVERSION = YES_AGGRESSIVE;
				CLANG_CXX_LANGUAGE_STANDARD = "gnu++14";
				CLANG_CXX_LIBRARY = "libc++";
				CLANG_ENABLE_MODULES = YES;
				CLANG_ENABLE_OBJC_ARC = YES;
				CLANG_ENABLE_OBJC_WEAK = YES;
				CLANG_WARN_BLOCK_CAPTURE_AUTORELEASING = YES;
				CLANG_WARN_BOOL_CONVERSION = YES;
				CLANG_WARN_COMMA = YES;
				CLANG_WARN_CONSTANT_CONVERSION = YES;
				CLANG_WARN_DEPRECATED_OBJC_IMPLEMENTATIONS = YES;
				CLANG_WARN_DIRECT_OBJC_ISA_USAGE = YES_ERROR;
				CLANG_WARN_DOCUMENTATION_COMMENTS = YES;
				CLANG_WARN_EMPTY_BODY = YES;
				CLANG_WARN_ENUM_CONVERSION = YES;
				CLANG_WARN_INFINITE_RECURSION = YES;
				CLANG_WARN_INT_CONVERSION = YES;
				CLANG_WARN_NON_LITERAL_NULL_CONVERSION = YES;
				CLANG_WARN_OBJC_IMPLICIT_RETAIN_SELF = YES;
				CLANG_WARN_OBJC_LITERAL_CONVERSION = YES;
				CLANG_WARN_OBJC_ROOT_CLASS = YES_ERROR;
				CLANG_WARN_QUOTED_INCLUDE_IN_FRAMEWORK_HEADER = YES;
				CLANG_WARN_RANGE_LOOP_ANALYSIS = YES;
				CLANG_WARN_STRICT_PROTOTYPES = YES;
				CLANG_WARN_SUSPICIOUS_MOVE = YES;
				CLANG_WARN_UNGUARDED_AVAILABILITY = YES_AGGRESSIVE;
				CLANG_WARN_UNREACHABLE_CODE = YES;
				CLANG_WARN__DUPLICATE_METHOD_MATCH = YES;
				COPY_PHASE_STRIP = NO;
				DEBUG_INFORMATION_FORMAT = "dwarf-with-dsym";
				ENABLE_NS_ASSERTIONS = NO;
				ENABLE_STRICT_OBJC_MSGSEND = YES;
				GCC_C_LANGUAGE_STANDARD = gnu11;
				GCC_NO_COMMON_BLOCKS = YES;
				GCC_WARN_64_TO_32_BIT_CONVERSION = YES;
				GCC_WARN_ABOUT_RETURN_TYPE = YES_ERROR;
				GCC_WARN_UNDECLARED_SELECTOR = YES;
				GCC_WARN_UNINITIALIZED_AUTOS = YES_AGGRESSIVE;
				GCC_WARN_UNUSED_FUNCTION = YES;
				GCC_WARN_UNUSED_VARIABLE = YES;
				IPHONEOS_DEPLOYMENT_TARGET = 14.4;
				MTL_ENABLE_DEBUG_INFO = NO;
				MTL_FAST_MATH = YES;
				SDKROOT = iphoneos;
				SWIFT_COMPILATION_MODE = wholemodule;
				SWIFT_OPTIMIZATION_LEVEL = "-O";
				VALIDATE_PRODUCT = YES;
			};
			name = Release;
		};
		189CF79029F5676400EDE6B8 /* Debug */ = {
			isa = XCBuildConfiguration;
			buildSettings = {
				ASSETCATALOG_COMPILER_APPICON_NAME = AppIcon;
				ASSETCATALOG_COMPILER_GLOBAL_ACCENT_COLOR_NAME = AccentColor;
				CODE_SIGN_STYLE = Automatic;
				DEVELOPMENT_TEAM = SKH2HG83A2;
				INFOPLIST_FILE = Udder/Info.plist;
				LD_RUNPATH_SEARCH_PATHS = (
					"$(inherited)",
					"@executable_path/Frameworks",
				);
				PRODUCT_BUNDLE_IDENTIFIER = com.uzoma.Udder;
				PRODUCT_NAME = "$(TARGET_NAME)";
				SWIFT_VERSION = 5.0;
				TARGETED_DEVICE_FAMILY = "1,2";
			};
			name = Debug;
		};
		189CF79129F5676400EDE6B8 /* Release */ = {
			isa = XCBuildConfiguration;
			buildSettings = {
				ASSETCATALOG_COMPILER_APPICON_NAME = AppIcon;
				ASSETCATALOG_COMPILER_GLOBAL_ACCENT_COLOR_NAME = AccentColor;
				CODE_SIGN_STYLE = Automatic;
				DEVELOPMENT_TEAM = SKH2HG83A2;
				INFOPLIST_FILE = Udder/Info.plist;
				LD_RUNPATH_SEARCH_PATHS = (
					"$(inherited)",
					"@executable_path/Frameworks",
				);
				PRODUCT_BUNDLE_IDENTIFIER = com.uzoma.Udder;
				PRODUCT_NAME = "$(TARGET_NAME)";
				SWIFT_VERSION = 5.0;
				TARGETED_DEVICE_FAMILY = "1,2";
			};
			name = Release;
		};
		189CF79329F5676400EDE6B8 /* Debug */ = {
			isa = XCBuildConfiguration;
			buildSettings = {
				ALWAYS_EMBED_SWIFT_STANDARD_LIBRARIES = YES;
				BUNDLE_LOADER = "$(TEST_HOST)";
				CODE_SIGN_STYLE = Automatic;
				DEVELOPMENT_TEAM = SKH2HG83A2;
				INFOPLIST_FILE = UdderTests/Info.plist;
				IPHONEOS_DEPLOYMENT_TARGET = 14.4;
				LD_RUNPATH_SEARCH_PATHS = (
					"$(inherited)",
					"@executable_path/Frameworks",
					"@loader_path/Frameworks",
				);
				PRODUCT_BUNDLE_IDENTIFIER = com.uzoma.UdderTests;
				PRODUCT_NAME = "$(TARGET_NAME)";
				SWIFT_VERSION = 5.0;
				TARGETED_DEVICE_FAMILY = "1,2";
				TEST_HOST = "$(BUILT_PRODUCTS_DIR)/Udder.app/Udder";
			};
			name = Debug;
		};
		189CF79429F5676400EDE6B8 /* Release */ = {
			isa = XCBuildConfiguration;
			buildSettings = {
				ALWAYS_EMBED_SWIFT_STANDARD_LIBRARIES = YES;
				BUNDLE_LOADER = "$(TEST_HOST)";
				CODE_SIGN_STYLE = Automatic;
				DEVELOPMENT_TEAM = SKH2HG83A2;
				INFOPLIST_FILE = UdderTests/Info.plist;
				IPHONEOS_DEPLOYMENT_TARGET = 14.4;
				LD_RUNPATH_SEARCH_PATHS = (
					"$(inherited)",
					"@executable_path/Frameworks",
					"@loader_path/Frameworks",
				);
				PRODUCT_BUNDLE_IDENTIFIER = com.uzoma.UdderTests;
				PRODUCT_NAME = "$(TARGET_NAME)";
				SWIFT_VERSION = 5.0;
				TARGETED_DEVICE_FAMILY = "1,2";
				TEST_HOST = "$(BUILT_PRODUCTS_DIR)/Udder.app/Udder";
			};
			name = Release;
		};
		189CF79629F5676400EDE6B8 /* Debug */ = {
			isa = XCBuildConfiguration;
			buildSettings = {
				ALWAYS_EMBED_SWIFT_STANDARD_LIBRARIES = YES;
				CODE_SIGN_STYLE = Automatic;
				DEVELOPMENT_TEAM = SKH2HG83A2;
				INFOPLIST_FILE = UdderUITests/Info.plist;
				LD_RUNPATH_SEARCH_PATHS = (
					"$(inherited)",
					"@executable_path/Frameworks",
					"@loader_path/Frameworks",
				);
				PRODUCT_BUNDLE_IDENTIFIER = com.uzoma.UdderUITests;
				PRODUCT_NAME = "$(TARGET_NAME)";
				SWIFT_VERSION = 5.0;
				TARGETED_DEVICE_FAMILY = "1,2";
				TEST_TARGET_NAME = Udder;
			};
			name = Debug;
		};
		189CF79729F5676400EDE6B8 /* Release */ = {
			isa = XCBuildConfiguration;
			buildSettings = {
				ALWAYS_EMBED_SWIFT_STANDARD_LIBRARIES = YES;
				CODE_SIGN_STYLE = Automatic;
				DEVELOPMENT_TEAM = SKH2HG83A2;
				INFOPLIST_FILE = UdderUITests/Info.plist;
				LD_RUNPATH_SEARCH_PATHS = (
					"$(inherited)",
					"@executable_path/Frameworks",
					"@loader_path/Frameworks",
				);
				PRODUCT_BUNDLE_IDENTIFIER = com.uzoma.UdderUITests;
				PRODUCT_NAME = "$(TARGET_NAME)";
				SWIFT_VERSION = 5.0;
				TARGETED_DEVICE_FAMILY = "1,2";
				TEST_TARGET_NAME = Udder;
			};
			name = Release;
		};
/* End XCBuildConfiguration section */

/* Begin XCConfigurationList section */
		189CF76029F5674F00EDE6B8 /* Build configuration list for PBXProject "Udder" */ = {
			isa = XCConfigurationList;
			buildConfigurations = (
				189CF78D29F5676400EDE6B8 /* Debug */,
				189CF78E29F5676400EDE6B8 /* Release */,
			);
			defaultConfigurationIsVisible = 0;
			defaultConfigurationName = Release;
		};
		189CF78F29F5676400EDE6B8 /* Build configuration list for PBXNativeTarget "Udder" */ = {
			isa = XCConfigurationList;
			buildConfigurations = (
				189CF79029F5676400EDE6B8 /* Debug */,
				189CF79129F5676400EDE6B8 /* Release */,
			);
			defaultConfigurationIsVisible = 0;
			defaultConfigurationName = Release;
		};
		189CF79229F5676400EDE6B8 /* Build configuration list for PBXNativeTarget "UdderTests" */ = {
			isa = XCConfigurationList;
			buildConfigurations = (
				189CF79329F5676400EDE6B8 /* Debug */,
				189CF79429F5676400EDE6B8 /* Release */,
			);
			defaultConfigurationIsVisible = 0;
			defaultConfigurationName = Release;
		};
		189CF79529F5676400EDE6B8 /* Build configuration list for PBXNativeTarget "UdderUITests" */ = {
			isa = XCConfigurationList;
			buildConfigurations = (
				189CF79629F5676400EDE6B8 /* Debug */,
				189CF79729F5676400EDE6B8 /* Release */,
			);
			defaultConfigurationIsVisible = 0;
			defaultConfigurationName = Release;
		};
/* End XCConfigurationList section */
	};
	rootObject = 189CF75D29F5674F00EDE6B8 /* Project object */;
}
